
Microsoft Visual Studio Solution File, Format Version 12.00
# Visual Studio Version 17
VisualStudioVersion = 17.0.31903.59
MinimumVisualStudioVersion = 10.0.40219.1
Project("{2150E333-8FDC-42A3-9474-1A3956D46DE8}") = "src", "src", "{752652F5-4816-435C-B096-F72551F472E0}"
EndProject
Project("{2150E333-8FDC-42A3-9474-1A3956D46DE8}") = "API", "API", "{18C7246D-B396-4512-98B0-1B98BA898A8B}"
EndProject
Project("{FAE04EC0-301F-11D3-BF4B-00C04F79EFBC}") = "Lexico.API", "src\API\lexico\Lexico.API.csproj", "{0ADA4A09-AF30-458A-A24C-181FB0D54597}"
EndProject
Project("{2150E333-8FDC-42A3-9474-1A3956D46DE8}") = "Application", "Application", "{156C27A5-D63C-44B0-935E-F317E5444BF0}"
EndProject
Project("{FAE04EC0-301F-11D3-BF4B-00C04F79EFBC}") = "Lexico.Application", "src\Application\lexico\Lexico.Application.csproj", "{553999CC-9E3F-4935-A2AB-5625DF6EC694}"
EndProject
Project("{2150E333-8FDC-42A3-9474-1A3956D46DE8}") = "Domain", "Domain", "{A0D7E8D7-9CDB-423B-8A70-89AF61D1DE7D}"
EndProject
Project("{FAE04EC0-301F-11D3-BF4B-00C04F79EFBC}") = "Lexico.Domain", "src\Domain\lexico\Lexico.Domain.csproj", "{5D8D4702-237A-40B5-9D95-F7F6F940B48F}"
EndProject
Project("{2150E333-8FDC-42A3-9474-1A3956D46DE8}") = "Infrastructure", "Infrastructure", "{885A524A-0A68-4D0B-B2ED-29A52AEB87E2}"
EndProject
Project("{FAE04EC0-301F-11D3-BF4B-00C04F79EFBC}") = "Lexico.Infrastructure", "src\Infrastructure\lexico\Lexico.Infrastructure.csproj", "{5E6A318E-2B6C-4A1E-8BBD-820127D65F94}"
EndProject
Project("{FAE04EC0-301F-11D3-BF4B-00C04F79EFBC}") = "Auth.Domain", "src\Domain\auth\Auth.Domain.csproj", "{512259AC-1247-4E4B-9620-40816BF6C961}"
EndProject
Project("{FAE04EC0-301F-11D3-BF4B-00C04F79EFBC}") = "Auth.Application", "src\Application\auth\Auth.Application.csproj", "{F68A17F0-675C-4661-8E45-AEF23CD6C885}"
EndProject
Project("{FAE04EC0-301F-11D3-BF4B-00C04F79EFBC}") = "Auth.Infrastructure", "src\Infrastructure\auth\Auth.Infrastructure.csproj", "{E0D6EA39-E721-42E6-BA7D-8AE509A9644B}"
EndProject
Project("{FAE04EC0-301F-11D3-BF4B-00C04F79EFBC}") = "Auth.API", "src\API\auth\Auth.API.csproj", "{7F9881EF-511B-4B88-AB9D-4914D5A168EA}"
EndProject
Global
	GlobalSection(SolutionConfigurationPlatforms) = preSolution
		Debug|Any CPU = Debug|Any CPU
		Release|Any CPU = Release|Any CPU
	EndGlobalSection
	GlobalSection(SolutionProperties) = preSolution
		HideSolutionNode = FALSE
	EndGlobalSection
	GlobalSection(ProjectConfigurationPlatforms) = postSolution
		{0ADA4A09-AF30-458A-A24C-181FB0D54597}.Debug|Any CPU.ActiveCfg = Debug|Any CPU
		{0ADA4A09-AF30-458A-A24C-181FB0D54597}.Debug|Any CPU.Build.0 = Debug|Any CPU
		{0ADA4A09-AF30-458A-A24C-181FB0D54597}.Release|Any CPU.ActiveCfg = Release|Any CPU
		{0ADA4A09-AF30-458A-A24C-181FB0D54597}.Release|Any CPU.Build.0 = Release|Any CPU
		{553999CC-9E3F-4935-A2AB-5625DF6EC694}.Debug|Any CPU.ActiveCfg = Debug|Any CPU
		{553999CC-9E3F-4935-A2AB-5625DF6EC694}.Debug|Any CPU.Build.0 = Debug|Any CPU
		{553999CC-9E3F-4935-A2AB-5625DF6EC694}.Release|Any CPU.ActiveCfg = Release|Any CPU
		{553999CC-9E3F-4935-A2AB-5625DF6EC694}.Release|Any CPU.Build.0 = Release|Any CPU
		{5D8D4702-237A-40B5-9D95-F7F6F940B48F}.Debug|Any CPU.ActiveCfg = Debug|Any CPU
		{5D8D4702-237A-40B5-9D95-F7F6F940B48F}.Debug|Any CPU.Build.0 = Debug|Any CPU
		{5D8D4702-237A-40B5-9D95-F7F6F940B48F}.Release|Any CPU.ActiveCfg = Release|Any CPU
		{5D8D4702-237A-40B5-9D95-F7F6F940B48F}.Release|Any CPU.Build.0 = Release|Any CPU
		{5E6A318E-2B6C-4A1E-8BBD-820127D65F94}.Debug|Any CPU.ActiveCfg = Debug|Any CPU
		{5E6A318E-2B6C-4A1E-8BBD-820127D65F94}.Debug|Any CPU.Build.0 = Debug|Any CPU
		{5E6A318E-2B6C-4A1E-8BBD-820127D65F94}.Release|Any CPU.ActiveCfg = Release|Any CPU
		{5E6A318E-2B6C-4A1E-8BBD-820127D65F94}.Release|Any CPU.Build.0 = Release|Any CPU
		{512259AC-1247-4E4B-9620-40816BF6C961}.Debug|Any CPU.ActiveCfg = Debug|Any CPU
		{512259AC-1247-4E4B-9620-40816BF6C961}.Debug|Any CPU.Build.0 = Debug|Any CPU
		{512259AC-1247-4E4B-9620-40816BF6C961}.Release|Any CPU.ActiveCfg = Release|Any CPU
		{512259AC-1247-4E4B-9620-40816BF6C961}.Release|Any CPU.Build.0 = Release|Any CPU
		{F68A17F0-675C-4661-8E45-AEF23CD6C885}.Debug|Any CPU.ActiveCfg = Debug|Any CPU
		{F68A17F0-675C-4661-8E45-AEF23CD6C885}.Debug|Any CPU.Build.0 = Debug|Any CPU
		{F68A17F0-675C-4661-8E45-AEF23CD6C885}.Release|Any CPU.ActiveCfg = Release|Any CPU
		{F68A17F0-675C-4661-8E45-AEF23CD6C885}.Release|Any CPU.Build.0 = Release|Any CPU
		{E0D6EA39-E721-42E6-BA7D-8AE509A9644B}.Debug|Any CPU.ActiveCfg = Debug|Any CPU
		{E0D6EA39-E721-42E6-BA7D-8AE509A9644B}.Debug|Any CPU.Build.0 = Debug|Any CPU
		{E0D6EA39-E721-42E6-BA7D-8AE509A9644B}.Release|Any CPU.ActiveCfg = Release|Any CPU
		{E0D6EA39-E721-42E6-BA7D-8AE509A9644B}.Release|Any CPU.Build.0 = Release|Any CPU
		{7F9881EF-511B-4B88-AB9D-4914D5A168EA}.Debug|Any CPU.ActiveCfg = Debug|Any CPU
		{7F9881EF-511B-4B88-AB9D-4914D5A168EA}.Debug|Any CPU.Build.0 = Debug|Any CPU
		{7F9881EF-511B-4B88-AB9D-4914D5A168EA}.Release|Any CPU.ActiveCfg = Release|Any CPU
		{7F9881EF-511B-4B88-AB9D-4914D5A168EA}.Release|Any CPU.Build.0 = Release|Any CPU
	EndGlobalSection
	GlobalSection(NestedProjects) = preSolution
		{18C7246D-B396-4512-98B0-1B98BA898A8B} = {752652F5-4816-435C-B096-F72551F472E0}
		{0ADA4A09-AF30-458A-A24C-181FB0D54597} = {18C7246D-B396-4512-98B0-1B98BA898A8B}
		{156C27A5-D63C-44B0-935E-F317E5444BF0} = {752652F5-4816-435C-B096-F72551F472E0}
		{553999CC-9E3F-4935-A2AB-5625DF6EC694} = {156C27A5-D63C-44B0-935E-F317E5444BF0}
		{A0D7E8D7-9CDB-423B-8A70-89AF61D1DE7D} = {752652F5-4816-435C-B096-F72551F472E0}
		{5D8D4702-237A-40B5-9D95-F7F6F940B48F} = {A0D7E8D7-9CDB-423B-8A70-89AF61D1DE7D}
		{885A524A-0A68-4D0B-B2ED-29A52AEB87E2} = {752652F5-4816-435C-B096-F72551F472E0}
		{5E6A318E-2B6C-4A1E-8BBD-820127D65F94} = {885A524A-0A68-4D0B-B2ED-29A52AEB87E2}
		{512259AC-1247-4E4B-9620-40816BF6C961} = {A0D7E8D7-9CDB-423B-8A70-89AF61D1DE7D}
		{F68A17F0-675C-4661-8E45-AEF23CD6C885} = {156C27A5-D63C-44B0-935E-F317E5444BF0}
		{E0D6EA39-E721-42E6-BA7D-8AE509A9644B} = {885A524A-0A68-4D0B-B2ED-29A52AEB87E2}
		{7F9881EF-511B-4B88-AB9D-4914D5A168EA} = {18C7246D-B396-4512-98B0-1B98BA898A8B}
	EndGlobalSection
EndGlobal
